// !$*UTF8*$!
{
	archiveVersion = 1;
	classes = {
	};
	objectVersion = 55;
	objects = {

/* Begin PBXBuildFile section */
		D7061EAC28BDE91900D3746A /* AppDelegate.swift in Sources */ = {isa = PBXBuildFile; fileRef = D7061EAB28BDE91900D3746A /* AppDelegate.swift */; };
		D7061EAE28BDE91900D3746A /* SceneDelegate.swift in Sources */ = {isa = PBXBuildFile; fileRef = D7061EAD28BDE91900D3746A /* SceneDelegate.swift */; };
		D7061EB028BDE91900D3746A /* PostCollectionVC.swift in Sources */ = {isa = PBXBuildFile; fileRef = D7061EAF28BDE91900D3746A /* PostCollectionVC.swift */; };
		D7061EB328BDE91900D3746A /* Main.storyboard in Resources */ = {isa = PBXBuildFile; fileRef = D7061EB128BDE91900D3746A /* Main.storyboard */; };
		D7061EB628BDE91900D3746A /* Smile_it.xcdatamodeld in Sources */ = {isa = PBXBuildFile; fileRef = D7061EB428BDE91900D3746A /* Smile_it.xcdatamodeld */; };
		D7061EB828BDE91A00D3746A /* Assets.xcassets in Resources */ = {isa = PBXBuildFile; fileRef = D7061EB728BDE91A00D3746A /* Assets.xcassets */; };
		D7061EBB28BDE91A00D3746A /* LaunchScreen.storyboard in Resources */ = {isa = PBXBuildFile; fileRef = D7061EB928BDE91A00D3746A /* LaunchScreen.storyboard */; };
		D7061F1928BDFBC600D3746A /* SmileVC.swift in Sources */ = {isa = PBXBuildFile; fileRef = D7061F1828BDFBC600D3746A /* SmileVC.swift */; };
		D7571CA828C0D2CF005FAE0F /* PostItem+CoreDataClass.swift in Sources */ = {isa = PBXBuildFile; fileRef = D7571CA628C0D2CF005FAE0F /* PostItem+CoreDataClass.swift */; };
		D7571CA928C0D2CF005FAE0F /* PostItem+CoreDataProperties.swift in Sources */ = {isa = PBXBuildFile; fileRef = D7571CA728C0D2CF005FAE0F /* PostItem+CoreDataProperties.swift */; };
		D7571CAB28C0E8DA005FAE0F /* WriteDiaryVC.swift in Sources */ = {isa = PBXBuildFile; fileRef = D7571CAA28C0E8DA005FAE0F /* WriteDiaryVC.swift */; };
		D7F7056A28BF12B300847CD2 /* TopMostView.swift in Sources */ = {isa = PBXBuildFile; fileRef = D7F7056928BF12B300847CD2 /* TopMostView.swift */; };
		D7F7056C28BF806E00847CD2 /* PostCustomCollectionViewCell.xib in Resources */ = {isa = PBXBuildFile; fileRef = D7F7056B28BF806E00847CD2 /* PostCustomCollectionViewCell.xib */; };
		D7F7056E28BF8D1700847CD2 /* PostCustomCollectionViewCell.swift in Sources */ = {isa = PBXBuildFile; fileRef = D7F7056D28BF8D1700847CD2 /* PostCustomCollectionViewCell.swift */; };
/* End PBXBuildFile section */

/* Begin PBXFileReference section */
		D7061EA828BDE91900D3746A /* Smile-it.app */ = {isa = PBXFileReference; explicitFileType = wrapper.application; includeInIndex = 0; path = "Smile-it.app"; sourceTree = BUILT_PRODUCTS_DIR; };
		D7061EAB28BDE91900D3746A /* AppDelegate.swift */ = {isa = PBXFileReference; lastKnownFileType = sourcecode.swift; path = AppDelegate.swift; sourceTree = "<group>"; };
		D7061EAD28BDE91900D3746A /* SceneDelegate.swift */ = {isa = PBXFileReference; lastKnownFileType = sourcecode.swift; path = SceneDelegate.swift; sourceTree = "<group>"; };
		D7061EAF28BDE91900D3746A /* PostCollectionVC.swift */ = {isa = PBXFileReference; lastKnownFileType = sourcecode.swift; path = PostCollectionVC.swift; sourceTree = "<group>"; };
		D7061EB228BDE91900D3746A /* Base */ = {isa = PBXFileReference; lastKnownFileType = file.storyboard; name = Base; path = Base.lproj/Main.storyboard; sourceTree = "<group>"; };
		D7061EB528BDE91900D3746A /* Smile_it.xcdatamodel */ = {isa = PBXFileReference; lastKnownFileType = wrapper.xcdatamodel; path = Smile_it.xcdatamodel; sourceTree = "<group>"; };
		D7061EB728BDE91A00D3746A /* Assets.xcassets */ = {isa = PBXFileReference; lastKnownFileType = folder.assetcatalog; path = Assets.xcassets; sourceTree = "<group>"; };
		D7061EBA28BDE91A00D3746A /* Base */ = {isa = PBXFileReference; lastKnownFileType = file.storyboard; name = Base; path = Base.lproj/LaunchScreen.storyboard; sourceTree = "<group>"; };
		D7061EBC28BDE91A00D3746A /* Info.plist */ = {isa = PBXFileReference; lastKnownFileType = text.plist.xml; path = Info.plist; sourceTree = "<group>"; };
		D7061F1828BDFBC600D3746A /* SmileVC.swift */ = {isa = PBXFileReference; lastKnownFileType = sourcecode.swift; path = SmileVC.swift; sourceTree = "<group>"; };
		D7571CA628C0D2CF005FAE0F /* PostItem+CoreDataClass.swift */ = {isa = PBXFileReference; lastKnownFileType = sourcecode.swift; path = "PostItem+CoreDataClass.swift"; sourceTree = "<group>"; };
		D7571CA728C0D2CF005FAE0F /* PostItem+CoreDataProperties.swift */ = {isa = PBXFileReference; lastKnownFileType = sourcecode.swift; path = "PostItem+CoreDataProperties.swift"; sourceTree = "<group>"; };
		D7571CAA28C0E8DA005FAE0F /* WriteDiaryVC.swift */ = {isa = PBXFileReference; lastKnownFileType = sourcecode.swift; path = WriteDiaryVC.swift; sourceTree = "<group>"; };
		D7F7056928BF12B300847CD2 /* TopMostView.swift */ = {isa = PBXFileReference; lastKnownFileType = sourcecode.swift; path = TopMostView.swift; sourceTree = "<group>"; };
		D7F7056B28BF806E00847CD2 /* PostCustomCollectionViewCell.xib */ = {isa = PBXFileReference; lastKnownFileType = file.xib; path = PostCustomCollectionViewCell.xib; sourceTree = "<group>"; };
		D7F7056D28BF8D1700847CD2 /* PostCustomCollectionViewCell.swift */ = {isa = PBXFileReference; lastKnownFileType = sourcecode.swift; path = PostCustomCollectionViewCell.swift; sourceTree = "<group>"; };
/* End PBXFileReference section */

/* Begin PBXFrameworksBuildPhase section */
		D7061EA528BDE91900D3746A /* Frameworks */ = {
			isa = PBXFrameworksBuildPhase;
			buildActionMask = 2147483647;
			files = (
			);
			runOnlyForDeploymentPostprocessing = 0;
		};
/* End PBXFrameworksBuildPhase section */

/* Begin PBXGroup section */
		D7061E9F28BDE91900D3746A = {
			isa = PBXGroup;
			children = (
				D7571CA628C0D2CF005FAE0F /* PostItem+CoreDataClass.swift */,
				D7571CA728C0D2CF005FAE0F /* PostItem+CoreDataProperties.swift */,
				D7061EAA28BDE91900D3746A /* Smile-it */,
				D7061EA928BDE91900D3746A /* Products */,
			);
			sourceTree = "<group>";
		};
		D7061EA928BDE91900D3746A /* Products */ = {
			isa = PBXGroup;
			children = (
				D7061EA828BDE91900D3746A /* Smile-it.app */,
			);
			name = Products;
			sourceTree = "<group>";
		};
		D7061EAA28BDE91900D3746A /* Smile-it */ = {
			isa = PBXGroup;
			children = (
				D7061EAB28BDE91900D3746A /* AppDelegate.swift */,
				D7061EAD28BDE91900D3746A /* SceneDelegate.swift */,
				D7571CA428C0D1F6005FAE0F /* Controller */,
				D7F7056F28BFA34A00847CD2 /* View */,
				D7571CA528C0D265005FAE0F /* Extension */,
				D7061EB728BDE91A00D3746A /* Assets.xcassets */,
				D7061EB928BDE91A00D3746A /* LaunchScreen.storyboard */,
				D7061EBC28BDE91A00D3746A /* Info.plist */,
				D7061EB428BDE91900D3746A /* Smile_it.xcdatamodeld */,
			);
			path = "Smile-it";
			sourceTree = "<group>";
		};
		D7571CA428C0D1F6005FAE0F /* Controller */ = {
			isa = PBXGroup;
			children = (
				D7061F1828BDFBC600D3746A /* SmileVC.swift */,
				D7061EAF28BDE91900D3746A /* PostCollectionVC.swift */,
				D7571CAA28C0E8DA005FAE0F /* WriteDiaryVC.swift */,
			);
			path = Controller;
			sourceTree = "<group>";
		};
		D7571CA528C0D265005FAE0F /* Extension */ = {
			isa = PBXGroup;
			children = (
				D7F7056928BF12B300847CD2 /* TopMostView.swift */,
			);
			path = Extension;
			sourceTree = "<group>";
		};
		D7F7056F28BFA34A00847CD2 /* View */ = {
			isa = PBXGroup;
			children = (
				D7061EB128BDE91900D3746A /* Main.storyboard */,
				D7F7056B28BF806E00847CD2 /* PostCustomCollectionViewCell.xib */,
				D7F7056D28BF8D1700847CD2 /* PostCustomCollectionViewCell.swift */,
			);
			path = View;
			sourceTree = "<group>";
		};
/* End PBXGroup section */

/* Begin PBXNativeTarget section */
		D7061EA728BDE91900D3746A /* Smile-it */ = {
			isa = PBXNativeTarget;
			buildConfigurationList = D7061EBF28BDE91A00D3746A /* Build configuration list for PBXNativeTarget "Smile-it" */;
			buildPhases = (
				D7061EA428BDE91900D3746A /* Sources */,
				D7061EA528BDE91900D3746A /* Frameworks */,
				D7061EA628BDE91900D3746A /* Resources */,
			);
			buildRules = (
			);
			dependencies = (
			);
			name = "Smile-it";
			productName = "Smile-it";
			productReference = D7061EA828BDE91900D3746A /* Smile-it.app */;
			productType = "com.apple.product-type.application";
		};
/* End PBXNativeTarget section */

/* Begin PBXProject section */
		D7061EA028BDE91900D3746A /* Project object */ = {
			isa = PBXProject;
			attributes = {
				BuildIndependentTargetsInParallel = 1;
				LastSwiftUpdateCheck = 1340;
				LastUpgradeCheck = 1340;
				TargetAttributes = {
					D7061EA728BDE91900D3746A = {
						CreatedOnToolsVersion = 13.4.1;
					};
				};
			};
			buildConfigurationList = D7061EA328BDE91900D3746A /* Build configuration list for PBXProject "Smile-it" */;
			compatibilityVersion = "Xcode 13.0";
			developmentRegion = en;
			hasScannedForEncodings = 0;
			knownRegions = (
				en,
				Base,
			);
			mainGroup = D7061E9F28BDE91900D3746A;
			productRefGroup = D7061EA928BDE91900D3746A /* Products */;
			projectDirPath = "";
			projectRoot = "";
			targets = (
				D7061EA728BDE91900D3746A /* Smile-it */,
			);
		};
/* End PBXProject section */

/* Begin PBXResourcesBuildPhase section */
		D7061EA628BDE91900D3746A /* Resources */ = {
			isa = PBXResourcesBuildPhase;
			buildActionMask = 2147483647;
			files = (
				D7061EBB28BDE91A00D3746A /* LaunchScreen.storyboard in Resources */,
				D7061EB828BDE91A00D3746A /* Assets.xcassets in Resources */,
				D7F7056C28BF806E00847CD2 /* PostCustomCollectionViewCell.xib in Resources */,
				D7061EB328BDE91900D3746A /* Main.storyboard in Resources */,
			);
			runOnlyForDeploymentPostprocessing = 0;
		};
/* End PBXResourcesBuildPhase section */

/* Begin PBXSourcesBuildPhase section */
		D7061EA428BDE91900D3746A /* Sources */ = {
			isa = PBXSourcesBuildPhase;
			buildActionMask = 2147483647;
			files = (
				D7571CA828C0D2CF005FAE0F /* PostItem+CoreDataClass.swift in Sources */,
				D7F7056A28BF12B300847CD2 /* TopMostView.swift in Sources */,
				D7571CAB28C0E8DA005FAE0F /* WriteDiaryVC.swift in Sources */,
				D7F7056E28BF8D1700847CD2 /* PostCustomCollectionViewCell.swift in Sources */,
				D7061EB028BDE91900D3746A /* PostCollectionVC.swift in Sources */,
				D7061EAC28BDE91900D3746A /* AppDelegate.swift in Sources */,
				D7571CA928C0D2CF005FAE0F /* PostItem+CoreDataProperties.swift in Sources */,
				D7061EAE28BDE91900D3746A /* SceneDelegate.swift in Sources */,
				D7061F1928BDFBC600D3746A /* SmileVC.swift in Sources */,
				D7061EB628BDE91900D3746A /* Smile_it.xcdatamodeld in Sources */,
			);
			runOnlyForDeploymentPostprocessing = 0;
		};
/* End PBXSourcesBuildPhase section */

/* Begin PBXVariantGroup section */
		D7061EB128BDE91900D3746A /* Main.storyboard */ = {
			isa = PBXVariantGroup;
			children = (
				D7061EB228BDE91900D3746A /* Base */,
			);
			name = Main.storyboard;
			sourceTree = "<group>";
		};
		D7061EB928BDE91A00D3746A /* LaunchScreen.storyboard */ = {
			isa = PBXVariantGroup;
			children = (
				D7061EBA28BDE91A00D3746A /* Base */,
			);
			name = LaunchScreen.storyboard;
			sourceTree = "<group>";
		};
/* End PBXVariantGroup section */

/* Begin XCBuildConfiguration section */
		D7061EBD28BDE91A00D3746A /* Debug */ = {
			isa = XCBuildConfiguration;
			buildSettings = {
				ALWAYS_SEARCH_USER_PATHS = NO;
				CLANG_ANALYZER_NONNULL = YES;
				CLANG_ANALYZER_NUMBER_OBJECT_CONVERSION = YES_AGGRESSIVE;
				CLANG_CXX_LANGUAGE_STANDARD = "gnu++17";
				CLANG_ENABLE_MODULES = YES;
				CLANG_ENABLE_OBJC_ARC = YES;
				CLANG_ENABLE_OBJC_WEAK = YES;
				CLANG_WARN_BLOCK_CAPTURE_AUTORELEASING = YES;
				CLANG_WARN_BOOL_CONVERSION = YES;
				CLANG_WARN_COMMA = YES;
				CLANG_WARN_CONSTANT_CONVERSION = YES;
				CLANG_WARN_DEPRECATED_OBJC_IMPLEMENTATIONS = YES;
				CLANG_WARN_DIRECT_OBJC_ISA_USAGE = YES_ERROR;
				CLANG_WARN_DOCUMENTATION_COMMENTS = YES;
				CLANG_WARN_EMPTY_BODY = YES;
				CLANG_WARN_ENUM_CONVERSION = YES;
				CLANG_WARN_INFINITE_RECURSION = YES;
				CLANG_WARN_INT_CONVERSION = YES;
				CLANG_WARN_NON_LITERAL_NULL_CONVERSION = YES;
				CLANG_WARN_OBJC_IMPLICIT_RETAIN_SELF = YES;
				CLANG_WARN_OBJC_LITERAL_CONVERSION = YES;
				CLANG_WARN_OBJC_ROOT_CLASS = YES_ERROR;
				CLANG_WARN_QUOTED_INCLUDE_IN_FRAMEWORK_HEADER = YES;
				CLANG_WARN_RANGE_LOOP_ANALYSIS = YES;
				CLANG_WARN_STRICT_PROTOTYPES = YES;
				CLANG_WARN_SUSPICIOUS_MOVE = YES;
				CLANG_WARN_UNGUARDED_AVAILABILITY = YES_AGGRESSIVE;
				CLANG_WARN_UNREACHABLE_CODE = YES;
				CLANG_WARN__DUPLICATE_METHOD_MATCH = YES;
				COPY_PHASE_STRIP = NO;
				DEBUG_INFORMATION_FORMAT = dwarf;
				ENABLE_STRICT_OBJC_MSGSEND = YES;
				ENABLE_TESTABILITY = YES;
				GCC_C_LANGUAGE_STANDARD = gnu11;
				GCC_DYNAMIC_NO_PIC = NO;
				GCC_NO_COMMON_BLOCKS = YES;
				GCC_OPTIMIZATION_LEVEL = 0;
				GCC_PREPROCESSOR_DEFINITIONS = (
					"DEBUG=1",
					"$(inherited)",
				);
				GCC_WARN_64_TO_32_BIT_CONVERSION = YES;
				GCC_WARN_ABOUT_RETURN_TYPE = YES_ERROR;
				GCC_WARN_UNDECLARED_SELECTOR = YES;
				GCC_WARN_UNINITIALIZED_AUTOS = YES_AGGRESSIVE;
				GCC_WARN_UNUSED_FUNCTION = YES;
				GCC_WARN_UNUSED_VARIABLE = YES;
				IPHONEOS_DEPLOYMENT_TARGET = 15.5;
				MTL_ENABLE_DEBUG_INFO = INCLUDE_SOURCE;
				MTL_FAST_MATH = YES;
				ONLY_ACTIVE_ARCH = YES;
				SDKROOT = iphoneos;
				SWIFT_ACTIVE_COMPILATION_CONDITIONS = DEBUG;
				SWIFT_OPTIMIZATION_LEVEL = "-Onone";
			};
			name = Debug;
		};
		D7061EBE28BDE91A00D3746A /* Release */ = {
			isa = XCBuildConfiguration;
			buildSettings = {
				ALWAYS_SEARCH_USER_PATHS = NO;
				CLANG_ANALYZER_NONNULL = YES;
				CLANG_ANALYZER_NUMBER_OBJECT_CONVERSION = YES_AGGRESSIVE;
				CLANG_CXX_LANGUAGE_STANDARD = "gnu++17";
				CLANG_ENABLE_MODULES = YES;
				CLANG_ENABLE_OBJC_ARC = YES;
				CLANG_ENABLE_OBJC_WEAK = YES;
				CLANG_WARN_BLOCK_CAPTURE_AUTORELEASING = YES;
				CLANG_WARN_BOOL_CONVERSION = YES;
				CLANG_WARN_COMMA = YES;
				CLANG_WARN_CONSTANT_CONVERSION = YES;
				CLANG_WARN_DEPRECATED_OBJC_IMPLEMENTATIONS = YES;
				CLANG_WARN_DIRECT_OBJC_ISA_USAGE = YES_ERROR;
				CLANG_WARN_DOCUMENTATION_COMMENTS = YES;
				CLANG_WARN_EMPTY_BODY = YES;
				CLANG_WARN_ENUM_CONVERSION = YES;
				CLANG_WARN_INFINITE_RECURSION = YES;
				CLANG_WARN_INT_CONVERSION = YES;
				CLANG_WARN_NON_LITERAL_NULL_CONVERSION = YES;
				CLANG_WARN_OBJC_IMPLICIT_RETAIN_SELF = YES;
				CLANG_WARN_OBJC_LITERAL_CONVERSION = YES;
				CLANG_WARN_OBJC_ROOT_CLASS = YES_ERROR;
				CLANG_WARN_QUOTED_INCLUDE_IN_FRAMEWORK_HEADER = YES;
				CLANG_WARN_RANGE_LOOP_ANALYSIS = YES;
				CLANG_WARN_STRICT_PROTOTYPES = YES;
				CLANG_WARN_SUSPICIOUS_MOVE = YES;
				CLANG_WARN_UNGUARDED_AVAILABILITY = YES_AGGRESSIVE;
				CLANG_WARN_UNREACHABLE_CODE = YES;
				CLANG_WARN__DUPLICATE_METHOD_MATCH = YES;
				COPY_PHASE_STRIP = NO;
				DEBUG_INFORMATION_FORMAT = "dwarf-with-dsym";
				ENABLE_NS_ASSERTIONS = NO;
				ENABLE_STRICT_OBJC_MSGSEND = YES;
				GCC_C_LANGUAGE_STANDARD = gnu11;
				GCC_NO_COMMON_BLOCKS = YES;
				GCC_WARN_64_TO_32_BIT_CONVERSION = YES;
				GCC_WARN_ABOUT_RETURN_TYPE = YES_ERROR;
				GCC_WARN_UNDECLARED_SELECTOR = YES;
				GCC_WARN_UNINITIALIZED_AUTOS = YES_AGGRESSIVE;
				GCC_WARN_UNUSED_FUNCTION = YES;
				GCC_WARN_UNUSED_VARIABLE = YES;
				IPHONEOS_DEPLOYMENT_TARGET = 15.5;
				MTL_ENABLE_DEBUG_INFO = NO;
				MTL_FAST_MATH = YES;
				SDKROOT = iphoneos;
				SWIFT_COMPILATION_MODE = wholemodule;
				SWIFT_OPTIMIZATION_LEVEL = "-O";
				VALIDATE_PRODUCT = YES;
			};
			name = Release;
		};
		D7061EC028BDE91A00D3746A /* Debug */ = {
			isa = XCBuildConfiguration;
			buildSettings = {
				ASSETCATALOG_COMPILER_APPICON_NAME = AppIcon;
				ASSETCATALOG_COMPILER_GLOBAL_ACCENT_COLOR_NAME = AccentColor;
				CODE_SIGN_STYLE = Automatic;
				CURRENT_PROJECT_VERSION = 1;
				DEVELOPMENT_TEAM = S2A2JAHX9A;
				GENERATE_INFOPLIST_FILE = YES;
				INFOPLIST_FILE = "Smile-it/Info.plist";
				INFOPLIST_KEY_NSCameraUsageDescription = "";
				INFOPLIST_KEY_UIApplicationSupportsIndirectInputEvents = YES;
				INFOPLIST_KEY_UILaunchStoryboardName = LaunchScreen;
				INFOPLIST_KEY_UIMainStoryboardFile = Main;
				INFOPLIST_KEY_UISupportedInterfaceOrientations_iPad = "UIInterfaceOrientationPortrait UIInterfaceOrientationPortraitUpsideDown UIInterfaceOrientationLandscapeLeft UIInterfaceOrientationLandscapeRight";
				INFOPLIST_KEY_UISupportedInterfaceOrientations_iPhone = "UIInterfaceOrientationPortrait UIInterfaceOrientationLandscapeLeft UIInterfaceOrientationLandscapeRight";
				LD_RUNPATH_SEARCH_PATHS = (
					"$(inherited)",
					"@executable_path/Frameworks",
				);
				MARKETING_VERSION = 1.0;
				PRODUCT_BUNDLE_IDENTIFIER = "com.journey.Smile-it";
				PRODUCT_NAME = "$(TARGET_NAME)";
				SWIFT_EMIT_LOC_STRINGS = YES;
				SWIFT_VERSION = 5.0;
				TARGETED_DEVICE_FAMILY = "1,2";
			};
			name = Debug;
		};
		D7061EC128BDE91A00D3746A /* Release */ = {
			isa = XCBuildConfiguration;
			buildSettings = {
				ASSETCATALOG_COMPILER_APPICON_NAME = AppIcon;
				ASSETCATALOG_COMPILER_GLOBAL_ACCENT_COLOR_NAME = AccentColor;
				CODE_SIGN_STYLE = Automatic;
				CURRENT_PROJECT_VERSION = 1;
				DEVELOPMENT_TEAM = S2A2JAHX9A;
				GENERATE_INFOPLIST_FILE = YES;
				INFOPLIST_FILE = "Smile-it/Info.plist";
				INFOPLIST_KEY_NSCameraUsageDescription = "";
				INFOPLIST_KEY_UIApplicationSupportsIndirectInputEvents = YES;
				INFOPLIST_KEY_UILaunchStoryboardName = LaunchScreen;
				INFOPLIST_KEY_UIMainStoryboardFile = Main;
				INFOPLIST_KEY_UISupportedInterfaceOrientations_iPad = "UIInterfaceOrientationPortrait UIInterfaceOrientationPortraitUpsideDown UIInterfaceOrientationLandscapeLeft UIInterfaceOrientationLandscapeRight";
				INFOPLIST_KEY_UISupportedInterfaceOrientations_iPhone = "UIInterfaceOrientationPortrait UIInterfaceOrientationLandscapeLeft UIInterfaceOrientationLandscapeRight";
				LD_RUNPATH_SEARCH_PATHS = (
					"$(inherited)",
					"@executable_path/Frameworks",
				);
				MARKETING_VERSION = 1.0;
				PRODUCT_BUNDLE_IDENTIFIER = "com.journey.Smile-it";
				PRODUCT_NAME = "$(TARGET_NAME)";
				SWIFT_EMIT_LOC_STRINGS = YES;
				SWIFT_VERSION = 5.0;
				TARGETED_DEVICE_FAMILY = "1,2";
			};
			name = Release;
		};
/* End XCBuildConfiguration section */

/* Begin XCConfigurationList section */
		D7061EA328BDE91900D3746A /* Build configuration list for PBXProject "Smile-it" */ = {
			isa = XCConfigurationList;
			buildConfigurations = (
				D7061EBD28BDE91A00D3746A /* Debug */,
				D7061EBE28BDE91A00D3746A /* Release */,
			);
			defaultConfigurationIsVisible = 0;
			defaultConfigurationName = Release;
		};
		D7061EBF28BDE91A00D3746A /* Build configuration list for PBXNativeTarget "Smile-it" */ = {
			isa = XCConfigurationList;
			buildConfigurations = (
				D7061EC028BDE91A00D3746A /* Debug */,
				D7061EC128BDE91A00D3746A /* Release */,
			);
			defaultConfigurationIsVisible = 0;
			defaultConfigurationName = Release;
		};
/* End XCConfigurationList section */

/* Begin XCVersionGroup section */
		D7061EB428BDE91900D3746A /* Smile_it.xcdatamodeld */ = {
			isa = XCVersionGroup;
			children = (
				D7061EB528BDE91900D3746A /* Smile_it.xcdatamodel */,
			);
			currentVersion = D7061EB528BDE91900D3746A /* Smile_it.xcdatamodel */;
			path = Smile_it.xcdatamodeld;
			sourceTree = "<group>";
			versionGroupType = wrapper.xcdatamodel;
		};
/* End XCVersionGroup section */
	};
	rootObject = D7061EA028BDE91900D3746A /* Project object */;
}
